{
  "name": "clientside-view-loader",
  "version": "1.0.2",
  "lockfileVersion": 1,
  "requires": true,
  "dependencies": {
    "clientside-require": {
      "version": "3.0.2",
      "resolved": "https://registry.npmjs.org/clientside-require/-/clientside-require-3.0.2.tgz",
      "integrity": "sha512-cuBkpp85byM4lnU120OEjEbXQsbW4OKJ0EaJ/EFRYmdV5i/USK9wmki0kgCTFva29aMrH/EeoniqfWtfrbGhCQ=="
    }
  }
}
