{
  "name": "demo",
  "version": "1.0.0",
  "lockfileVersion": 1,
  "requires": true,
  "dependencies": {
    "clientside-require": {
      "version": "4.3.0",
      "resolved": "https://registry.npmjs.org/clientside-require/-/clientside-require-4.3.0.tgz",
      "integrity": "sha512-LV8HfoUNFPoy5xKcyFGcQp86VEbtJ8blP8eHVoqS8l1ujb0Sk9vtGGPu0uhU8ikIN8nsU1M2PnnxBbyylejddA=="
    },
    "clientside-view-button": {
      "version": "1.2.3",
      "resolved": "https://registry.npmjs.org/clientside-view-button/-/clientside-view-button-1.2.3.tgz",
      "integrity": "sha512-NBC9+gAud26NU3cknEt4AbVT1YrFuz6UMLwNR74uPb8zgWD/+Zfs12XClkzLLrQf7yRnRLC3usFPrvheF4JNGA==",
      "requires": {
        "clientside-require": "4.3.0",
        "clientside-view-loader": "2.0.2"
      },
      "dependencies": {
        "clientside-view-loader": {
          "version": "2.0.2",
          "resolved": "https://registry.npmjs.org/clientside-view-loader/-/clientside-view-loader-2.0.2.tgz",
          "integrity": "sha512-a50giUhoTUT2DwLRMACzvoLH2alnTiYXMXFBXIzehBGBLAHf/AJBi4TKngL8zG5opn7F6SL/3tpGrDLRyRd8yg==",
          "requires": {
            "clientside-require": "4.3.0"
          }
        }
      }
    },
    "clientside-view-input-text": {
      "version": "1.3.8",
      "resolved": "https://registry.npmjs.org/clientside-view-input-text/-/clientside-view-input-text-1.3.8.tgz",
      "integrity": "sha512-V0LvN6W87ygPsug7pbSE9LIEvbr+tx0fc54wTWDmMS9nkGBTaTSkqE14MBiZr5sB2sE/9fdZBMU4SG+3ddN4/Q==",
      "requires": {
        "clientside-require": "4.3.0",
        "clientside-view-loader": "2.0.2"
      },
      "dependencies": {
        "clientside-view-loader": {
          "version": "2.0.2",
          "resolved": "https://registry.npmjs.org/clientside-view-loader/-/clientside-view-loader-2.0.2.tgz",
          "integrity": "sha512-a50giUhoTUT2DwLRMACzvoLH2alnTiYXMXFBXIzehBGBLAHf/AJBi4TKngL8zG5opn7F6SL/3tpGrDLRyRd8yg==",
          "requires": {
            "clientside-require": "4.3.0"
          }
        }
      }
    },
    "clientside-view-loader": {
      "version": "2.0.2",
      "resolved": "https://registry.npmjs.org/clientside-view-loader/-/clientside-view-loader-2.0.2.tgz",
      "integrity": "sha512-a50giUhoTUT2DwLRMACzvoLH2alnTiYXMXFBXIzehBGBLAHf/AJBi4TKngL8zG5opn7F6SL/3tpGrDLRyRd8yg==",
      "requires": {
        "clientside-require": "4.3.0"
      }
    },
    "clientside-view-modal-login_signup": {
      "version": "1.0.8",
      "resolved": "https://registry.npmjs.org/clientside-view-modal-login_signup/-/clientside-view-modal-login_signup-1.0.8.tgz",
      "integrity": "sha512-HD50YOoAYOgK+DcPa1GQWxZm80OaYLLGnDZf4vwYFxeUssx9iHQ0aEPjG0G4V5vAvt8UaI3+8oEu7AyFjFZwKg==",
      "requires": {
        "clientside-require": "4.3.0",
        "clientside-view-button": "1.2.3",
        "clientside-view-input-text": "1.3.8",
        "clientside-view-loader": "2.0.2"
      },
      "dependencies": {
        "clientside-view-loader": {
          "version": "2.0.2",
          "resolved": "https://registry.npmjs.org/clientside-view-loader/-/clientside-view-loader-2.0.2.tgz",
          "integrity": "sha512-a50giUhoTUT2DwLRMACzvoLH2alnTiYXMXFBXIzehBGBLAHf/AJBi4TKngL8zG5opn7F6SL/3tpGrDLRyRd8yg==",
          "requires": {
            "clientside-require": "4.3.0"
          }
        }
      }
    }
  }
}
