{
  "name": "demo",
  "version": "1.0.0",
  "lockfileVersion": 1,
  "requires": true,
  "dependencies": {
    "clientside-require": {
      "version": "4.3.0",
      "resolved": "https://registry.npmjs.org/clientside-require/-/clientside-require-4.3.0.tgz",
      "integrity": "sha512-LV8HfoUNFPoy5xKcyFGcQp86VEbtJ8blP8eHVoqS8l1ujb0Sk9vtGGPu0uhU8ikIN8nsU1M2PnnxBbyylejddA=="
    },
    "clientside-view-button": {
      "version": "1.2.4",
      "resolved": "https://registry.npmjs.org/clientside-view-button/-/clientside-view-button-1.2.4.tgz",
      "integrity": "sha512-8mD0aO7MkdhOexM5Td1E/6mBf21YEFCeBmV3ChN8oFWyv2qELJ7J5TZkLb+oLbmWScGIO/yne3fOve/4HwadXA==",
      "requires": {
        "clientside-require": "4.3.0",
        "clientside-view-loader": "2.1.0"
      }
    },
    "clientside-view-input-text": {
      "version": "1.3.9",
      "resolved": "https://registry.npmjs.org/clientside-view-input-text/-/clientside-view-input-text-1.3.9.tgz",
      "integrity": "sha512-BYV74+sGcH7kp3ScNVx12SXjuFQZMCX++0UnNuwWbDhFFxPfQKVb9iWp+A09CUW1fBDQIVwODKvxEFNap0L4fA==",
      "requires": {
        "clientside-require": "4.3.0",
        "clientside-view-loader": "2.1.0"
      }
    },
    "clientside-view-loader": {
      "version": "2.1.0",
      "resolved": "https://registry.npmjs.org/clientside-view-loader/-/clientside-view-loader-2.1.0.tgz",
      "integrity": "sha512-yhvT13h5ooeEChFEWv4+Bo0JM85YbiTMF9fy9KYBlGtp9BrPGblLgtgsHT2rAoPvMvUFejvrYLH7FHulpXAlGg==",
      "requires": {
        "clientside-require": "4.3.0"
      }
    },
    "clientside-view-modal-login_signup": {
      "version": "1.0.9",
      "resolved": "https://registry.npmjs.org/clientside-view-modal-login_signup/-/clientside-view-modal-login_signup-1.0.9.tgz",
      "integrity": "sha512-LIcQ9pVX3TDfi8ASP6wmcX0Wkp156ZEqD9LZWzHsVFEUR/i3JRrkflF/y5VLA2s3J1jN4l8KSGOJaEWznAmxSw==",
      "requires": {
        "clientside-require": "4.3.0",
        "clientside-view-button": "1.2.4",
        "clientside-view-input-text": "1.3.9",
        "clientside-view-loader": "2.1.0"
      }
    }
  }
}
