{
  "name": "demo",
  "version": "1.0.0",
  "lockfileVersion": 1,
  "requires": true,
  "dependencies": {
    "clientside-require": {
      "version": "3.9.4",
      "resolved": "https://registry.npmjs.org/clientside-require/-/clientside-require-3.9.4.tgz",
      "integrity": "sha512-jDHin2Zk8baXacUbtFfGXxKkYG7jTV6Vw0vzgQ+NGJGZNiCxDVJ0XJ522rEic0N4S6oIUmUvFbrXsxop6/XH/A=="
    },
    "clientside-view-button": {
      "version": "1.2.1",
      "resolved": "https://registry.npmjs.org/clientside-view-button/-/clientside-view-button-1.2.1.tgz",
      "integrity": "sha512-Iz3SiGbwtlcXfEyamsKVnZo+V71In+5uBvm29DImakJ/u4NsGAGh0D2t4U9zHfnAerHwYP+yLF7t3/e9xM4Owg=="
    },
    "clientside-view-input-text": {
      "version": "1.3.5",
      "resolved": "https://registry.npmjs.org/clientside-view-input-text/-/clientside-view-input-text-1.3.5.tgz",
      "integrity": "sha512-yGcw3VUe7x7Q/F9FPA7n7rlZaX34B+eQlXMxOS1uIxDkyfkjrN+c7nycZFs2AmlX8RUwi6DniTSzPcPGTLHYBw==",
      "requires": {
        "clientside-view-loader": "1.2.2"
      }
    },
    "clientside-view-loader": {
      "version": "1.2.2",
      "resolved": "https://registry.npmjs.org/clientside-view-loader/-/clientside-view-loader-1.2.2.tgz",
      "integrity": "sha512-1nlvI8z87wBfsL90ZE+/id1ONuFdyiONEiojBoqa9omLnWttKoJ1Z9B9b8yVyshvXoPmPqojIksl6mDLzqxAMA==",
      "requires": {
        "clientside-require": "3.9.4"
      }
    },
    "clientside-view-modal-login_signup": {
      "version": "1.0.3",
      "resolved": "https://registry.npmjs.org/clientside-view-modal-login_signup/-/clientside-view-modal-login_signup-1.0.3.tgz",
      "integrity": "sha512-o6lD7IW+38bDTIzRzVkTqV4ZnII0/VODvINF6/TlA82zMNnaGNakF0UDVhaDecL06EJG4Qll81HpIUmojub9Iw==",
      "requires": {
        "clientside-view-button": "1.2.1",
        "clientside-view-input-text": "1.3.5",
        "clientside-view-loader": "1.2.2"
      }
    }
  }
}
